
Microsoft Visual Studio Solution File, Format Version 12.00
# Visual Studio Version 16
VisualStudioVersion = 16.0.32510.428
MinimumVisualStudioVersion = 10.0.40219.1
Project("{FAE04EC0-301F-11D3-BF4B-00C04F79EFBC}") = "AbstractClasses.cs", "AbstractClasses.cs\AbstractClasses.cs.csproj", "{B1EFBB2E-E9C8-4641-AB7E-9632AB495078}"
EndProject
Global
	GlobalSection(SolutionConfigurationPlatforms) = preSolution
		Debug|Any CPU = Debug|Any CPU
		Release|Any CPU = Release|Any CPU
	EndGlobalSection
	GlobalSection(ProjectConfigurationPlatforms) = postSolution
		{B1EFBB2E-E9C8-4641-AB7E-9632AB495078}.Debug|Any CPU.ActiveCfg = Debug|Any CPU
		{B1EFBB2E-E9C8-4641-AB7E-9632AB495078}.Debug|Any CPU.Build.0 = Debug|Any CPU
		{B1EFBB2E-E9C8-4641-AB7E-9632AB495078}.Release|Any CPU.ActiveCfg = Release|Any CPU
		{B1EFBB2E-E9C8-4641-AB7E-9632AB495078}.Release|Any CPU.Build.0 = Release|Any CPU
	EndGlobalSection
	GlobalSection(SolutionProperties) = preSolution
		HideSolutionNode = FALSE
	EndGlobalSection
	GlobalSection(ExtensibilityGlobals) = postSolution
		SolutionGuid = {E06F8F4F-5118-4B9E-B568-DD5717F00E27}
	EndGlobalSection
EndGlobal
