
Microsoft Visual Studio Solution File, Format Version 12.00
# Visual Studio Version 16
VisualStudioVersion = 16.0.32510.428
MinimumVisualStudioVersion = 10.0.40219.1
Project("{FAE04EC0-301F-11D3-BF4B-00C04F79EFBC}") = "OperatorsSubmission.cs", "OperatorsSubmission.cs\OperatorsSubmission.cs.csproj", "{CC2680E0-508B-47D6-AABD-AC84D7047868}"
EndProject
Global
	GlobalSection(SolutionConfigurationPlatforms) = preSolution
		Debug|Any CPU = Debug|Any CPU
		Release|Any CPU = Release|Any CPU
	EndGlobalSection
	GlobalSection(ProjectConfigurationPlatforms) = postSolution
		{CC2680E0-508B-47D6-AABD-AC84D7047868}.Debug|Any CPU.ActiveCfg = Debug|Any CPU
		{CC2680E0-508B-47D6-AABD-AC84D7047868}.Debug|Any CPU.Build.0 = Debug|Any CPU
		{CC2680E0-508B-47D6-AABD-AC84D7047868}.Release|Any CPU.ActiveCfg = Release|Any CPU
		{CC2680E0-508B-47D6-AABD-AC84D7047868}.Release|Any CPU.Build.0 = Release|Any CPU
	EndGlobalSection
	GlobalSection(SolutionProperties) = preSolution
		HideSolutionNode = FALSE
	EndGlobalSection
	GlobalSection(ExtensibilityGlobals) = postSolution
		SolutionGuid = {441CF0B9-CC82-4663-8121-320313B06328}
	EndGlobalSection
EndGlobal
