
Microsoft Visual Studio Solution File, Format Version 12.00
# Visual Studio Version 16
VisualStudioVersion = 16.0.32510.428
MinimumVisualStudioVersion = 10.0.40219.1
Project("{FAE04EC0-301F-11D3-BF4B-00C04F79EFBC}") = "StringAndIntegerAssignment.cs", "StringAndIntegerAssignment.cs\StringAndIntegerAssignment.cs.csproj", "{0B4D3899-1D2B-42DD-BBE1-0F6B8ECBC749}"
EndProject
Global
	GlobalSection(SolutionConfigurationPlatforms) = preSolution
		Debug|Any CPU = Debug|Any CPU
		Release|Any CPU = Release|Any CPU
	EndGlobalSection
	GlobalSection(ProjectConfigurationPlatforms) = postSolution
		{0B4D3899-1D2B-42DD-BBE1-0F6B8ECBC749}.Debug|Any CPU.ActiveCfg = Debug|Any CPU
		{0B4D3899-1D2B-42DD-BBE1-0F6B8ECBC749}.Debug|Any CPU.Build.0 = Debug|Any CPU
		{0B4D3899-1D2B-42DD-BBE1-0F6B8ECBC749}.Release|Any CPU.ActiveCfg = Release|Any CPU
		{0B4D3899-1D2B-42DD-BBE1-0F6B8ECBC749}.Release|Any CPU.Build.0 = Release|Any CPU
	EndGlobalSection
	GlobalSection(SolutionProperties) = preSolution
		HideSolutionNode = FALSE
	EndGlobalSection
	GlobalSection(ExtensibilityGlobals) = postSolution
		SolutionGuid = {6E18CBA2-174A-4602-8B9F-84E5AEACF868}
	EndGlobalSection
EndGlobal
