
Microsoft Visual Studio Solution File, Format Version 12.00
# Visual Studio Version 16
VisualStudioVersion = 16.0.32510.428
MinimumVisualStudioVersion = 10.0.40219.1
Project("{FAE04EC0-301F-11D3-BF4B-00C04F79EFBC}") = "ArrayIteration.cs", "ArrayIteration.cs\ArrayIteration.cs.csproj", "{4DEBC0BA-BA0F-498E-96D7-D16A2D82BD68}"
EndProject
Global
	GlobalSection(SolutionConfigurationPlatforms) = preSolution
		Debug|Any CPU = Debug|Any CPU
		Release|Any CPU = Release|Any CPU
	EndGlobalSection
	GlobalSection(ProjectConfigurationPlatforms) = postSolution
		{4DEBC0BA-BA0F-498E-96D7-D16A2D82BD68}.Debug|Any CPU.ActiveCfg = Debug|Any CPU
		{4DEBC0BA-BA0F-498E-96D7-D16A2D82BD68}.Debug|Any CPU.Build.0 = Debug|Any CPU
		{4DEBC0BA-BA0F-498E-96D7-D16A2D82BD68}.Release|Any CPU.ActiveCfg = Release|Any CPU
		{4DEBC0BA-BA0F-498E-96D7-D16A2D82BD68}.Release|Any CPU.Build.0 = Release|Any CPU
	EndGlobalSection
	GlobalSection(SolutionProperties) = preSolution
		HideSolutionNode = FALSE
	EndGlobalSection
	GlobalSection(ExtensibilityGlobals) = postSolution
		SolutionGuid = {EA2A9EE7-2DD8-493C-84DF-C5223A38070C}
	EndGlobalSection
EndGlobal
