
Microsoft Visual Studio Solution File, Format Version 12.00
# Visual Studio Version 16
VisualStudioVersion = 16.0.32510.428
MinimumVisualStudioVersion = 10.0.40219.1
Project("{FAE04EC0-301F-11D3-BF4B-00C04F79EFBC}") = "MethodSubmission.cs", "MethodSubmission.cs\MethodSubmission.cs.csproj", "{290940EA-0C98-4412-8841-0652EE150FEE}"
EndProject
Global
	GlobalSection(SolutionConfigurationPlatforms) = preSolution
		Debug|Any CPU = Debug|Any CPU
		Release|Any CPU = Release|Any CPU
	EndGlobalSection
	GlobalSection(ProjectConfigurationPlatforms) = postSolution
		{290940EA-0C98-4412-8841-0652EE150FEE}.Debug|Any CPU.ActiveCfg = Debug|Any CPU
		{290940EA-0C98-4412-8841-0652EE150FEE}.Debug|Any CPU.Build.0 = Debug|Any CPU
		{290940EA-0C98-4412-8841-0652EE150FEE}.Release|Any CPU.ActiveCfg = Release|Any CPU
		{290940EA-0C98-4412-8841-0652EE150FEE}.Release|Any CPU.Build.0 = Release|Any CPU
	EndGlobalSection
	GlobalSection(SolutionProperties) = preSolution
		HideSolutionNode = FALSE
	EndGlobalSection
	GlobalSection(ExtensibilityGlobals) = postSolution
		SolutionGuid = {56DBF4B8-C02C-41F7-8B3D-2B48E833C228}
	EndGlobalSection
EndGlobal
